
Microsoft Visual Studio Solution File, Format Version 12.00
# Visual Studio Version 17
VisualStudioVersion = 17.6.33712.159
MinimumVisualStudioVersion = 10.0.40219.1
Project("{FAE04EC0-301F-11D3-BF4B-00C04F79EFBC}") = "MiscHelpers", "MiscHelpers\MiscHelpers.csproj", "{BF5F44B0-09C7-46D9-A1A1-C25F2546FDDE}"
EndProject
Project("{FAE04EC0-301F-11D3-BF4B-00C04F79EFBC}") = "UnitTests", "UnitTests\UnitTests.csproj", "{A2785383-46A6-46B2-B03E-A60C398524FA}"
EndProject
Project("{FAE04EC0-301F-11D3-BF4B-00C04F79EFBC}") = "Demo", "Demo\Demo.csproj", "{64A15F1A-8ECE-4E06-9F1B-25A054F23C12}"
EndProject
Global
	GlobalSection(SolutionConfigurationPlatforms) = preSolution
		Debug|Any CPU = Debug|Any CPU
		Release|Any CPU = Release|Any CPU
	EndGlobalSection
	GlobalSection(ProjectConfigurationPlatforms) = postSolution
		{BF5F44B0-09C7-46D9-A1A1-C25F2546FDDE}.Debug|Any CPU.ActiveCfg = Debug|Any CPU
		{BF5F44B0-09C7-46D9-A1A1-C25F2546FDDE}.Debug|Any CPU.Build.0 = Debug|Any CPU
		{BF5F44B0-09C7-46D9-A1A1-C25F2546FDDE}.Release|Any CPU.ActiveCfg = Release|Any CPU
		{BF5F44B0-09C7-46D9-A1A1-C25F2546FDDE}.Release|Any CPU.Build.0 = Release|Any CPU
		{A2785383-46A6-46B2-B03E-A60C398524FA}.Debug|Any CPU.ActiveCfg = Debug|Any CPU
		{A2785383-46A6-46B2-B03E-A60C398524FA}.Debug|Any CPU.Build.0 = Debug|Any CPU
		{A2785383-46A6-46B2-B03E-A60C398524FA}.Release|Any CPU.ActiveCfg = Release|Any CPU
		{A2785383-46A6-46B2-B03E-A60C398524FA}.Release|Any CPU.Build.0 = Release|Any CPU
		{64A15F1A-8ECE-4E06-9F1B-25A054F23C12}.Debug|Any CPU.ActiveCfg = Debug|Any CPU
		{64A15F1A-8ECE-4E06-9F1B-25A054F23C12}.Debug|Any CPU.Build.0 = Debug|Any CPU
		{64A15F1A-8ECE-4E06-9F1B-25A054F23C12}.Release|Any CPU.ActiveCfg = Release|Any CPU
		{64A15F1A-8ECE-4E06-9F1B-25A054F23C12}.Release|Any CPU.Build.0 = Release|Any CPU
	EndGlobalSection
	GlobalSection(SolutionProperties) = preSolution
		HideSolutionNode = FALSE
	EndGlobalSection
	GlobalSection(ExtensibilityGlobals) = postSolution
		SolutionGuid = {C0B05008-B863-43FC-A54C-1A6998E6BCE6}
	EndGlobalSection
EndGlobal
